
Microsoft Visual Studio Solution File, Format Version 12.00
# Visual Studio Version 17
VisualStudioVersion = 17.0.31903.59
MinimumVisualStudioVersion = 10.0.40219.1
Project("{2150E333-8FDC-42A3-9474-1A3956D46DE8}") = "src", "src", "{F1E88529-1161-4B2F-A93F-38CD50F7B40F}"
EndProject
Project("{FAE04EC0-301F-11D3-BF4B-00C04F79EFBC}") = "AuctionService", "src\AuctionService\AuctionService.csproj", "{A8EDC9F5-8A4A-48EA-AAAC-8458952CFA61}"
EndProject
Project("{FAE04EC0-301F-11D3-BF4B-00C04F79EFBC}") = "SearchService", "src\SearchService\SearchService.csproj", "{B7CAF516-A971-41AF-AD3F-7EF92785F6F2}"
EndProject
Project("{FAE04EC0-301F-11D3-BF4B-00C04F79EFBC}") = "Contracts", "src\Contracts\Contracts.csproj", "{E7521C5C-9AA3-4DED-A6F5-2E4E59D288C0}"
EndProject
Project("{FAE04EC0-301F-11D3-BF4B-00C04F79EFBC}") = "IdentityService", "src\IdentityService\IdentityService.csproj", "{2A3CD085-4EC0-49CF-A3A9-2F166EB43395}"
EndProject
Project("{FAE04EC0-301F-11D3-BF4B-00C04F79EFBC}") = "GatewayService", "src\GatewayService\GatewayService.csproj", "{AD2104B4-9903-4A8A-B91E-B98D0F209A80}"
EndProject
Project("{FAE04EC0-301F-11D3-BF4B-00C04F79EFBC}") = "BiddingService", "src\BiddingService\BiddingService.csproj", "{322F5DEF-807B-4ED3-A7BC-6A6EA01BDDED}"
EndProject
Global
	GlobalSection(SolutionConfigurationPlatforms) = preSolution
		Debug|Any CPU = Debug|Any CPU
		Release|Any CPU = Release|Any CPU
	EndGlobalSection
	GlobalSection(SolutionProperties) = preSolution
		HideSolutionNode = FALSE
	EndGlobalSection
	GlobalSection(ProjectConfigurationPlatforms) = postSolution
		{A8EDC9F5-8A4A-48EA-AAAC-8458952CFA61}.Debug|Any CPU.ActiveCfg = Debug|Any CPU
		{A8EDC9F5-8A4A-48EA-AAAC-8458952CFA61}.Debug|Any CPU.Build.0 = Debug|Any CPU
		{A8EDC9F5-8A4A-48EA-AAAC-8458952CFA61}.Release|Any CPU.ActiveCfg = Release|Any CPU
		{A8EDC9F5-8A4A-48EA-AAAC-8458952CFA61}.Release|Any CPU.Build.0 = Release|Any CPU
		{B7CAF516-A971-41AF-AD3F-7EF92785F6F2}.Debug|Any CPU.ActiveCfg = Debug|Any CPU
		{B7CAF516-A971-41AF-AD3F-7EF92785F6F2}.Debug|Any CPU.Build.0 = Debug|Any CPU
		{B7CAF516-A971-41AF-AD3F-7EF92785F6F2}.Release|Any CPU.ActiveCfg = Release|Any CPU
		{B7CAF516-A971-41AF-AD3F-7EF92785F6F2}.Release|Any CPU.Build.0 = Release|Any CPU
		{E7521C5C-9AA3-4DED-A6F5-2E4E59D288C0}.Debug|Any CPU.ActiveCfg = Debug|Any CPU
		{E7521C5C-9AA3-4DED-A6F5-2E4E59D288C0}.Debug|Any CPU.Build.0 = Debug|Any CPU
		{E7521C5C-9AA3-4DED-A6F5-2E4E59D288C0}.Release|Any CPU.ActiveCfg = Release|Any CPU
		{E7521C5C-9AA3-4DED-A6F5-2E4E59D288C0}.Release|Any CPU.Build.0 = Release|Any CPU
		{2A3CD085-4EC0-49CF-A3A9-2F166EB43395}.Debug|Any CPU.ActiveCfg = Debug|Any CPU
		{2A3CD085-4EC0-49CF-A3A9-2F166EB43395}.Debug|Any CPU.Build.0 = Debug|Any CPU
		{2A3CD085-4EC0-49CF-A3A9-2F166EB43395}.Release|Any CPU.ActiveCfg = Release|Any CPU
		{2A3CD085-4EC0-49CF-A3A9-2F166EB43395}.Release|Any CPU.Build.0 = Release|Any CPU
		{AD2104B4-9903-4A8A-B91E-B98D0F209A80}.Debug|Any CPU.ActiveCfg = Debug|Any CPU
		{AD2104B4-9903-4A8A-B91E-B98D0F209A80}.Debug|Any CPU.Build.0 = Debug|Any CPU
		{AD2104B4-9903-4A8A-B91E-B98D0F209A80}.Release|Any CPU.ActiveCfg = Release|Any CPU
		{AD2104B4-9903-4A8A-B91E-B98D0F209A80}.Release|Any CPU.Build.0 = Release|Any CPU
		{322F5DEF-807B-4ED3-A7BC-6A6EA01BDDED}.Debug|Any CPU.ActiveCfg = Debug|Any CPU
		{322F5DEF-807B-4ED3-A7BC-6A6EA01BDDED}.Debug|Any CPU.Build.0 = Debug|Any CPU
		{322F5DEF-807B-4ED3-A7BC-6A6EA01BDDED}.Release|Any CPU.ActiveCfg = Release|Any CPU
		{322F5DEF-807B-4ED3-A7BC-6A6EA01BDDED}.Release|Any CPU.Build.0 = Release|Any CPU
	EndGlobalSection
	GlobalSection(NestedProjects) = preSolution
		{A8EDC9F5-8A4A-48EA-AAAC-8458952CFA61} = {F1E88529-1161-4B2F-A93F-38CD50F7B40F}
		{B7CAF516-A971-41AF-AD3F-7EF92785F6F2} = {F1E88529-1161-4B2F-A93F-38CD50F7B40F}
		{E7521C5C-9AA3-4DED-A6F5-2E4E59D288C0} = {F1E88529-1161-4B2F-A93F-38CD50F7B40F}
		{2A3CD085-4EC0-49CF-A3A9-2F166EB43395} = {F1E88529-1161-4B2F-A93F-38CD50F7B40F}
		{AD2104B4-9903-4A8A-B91E-B98D0F209A80} = {F1E88529-1161-4B2F-A93F-38CD50F7B40F}
		{322F5DEF-807B-4ED3-A7BC-6A6EA01BDDED} = {F1E88529-1161-4B2F-A93F-38CD50F7B40F}
	EndGlobalSection
EndGlobal
